// !$*UTF8*$!
{
	archiveVersion = 1;
	classes = {
	};
	objectVersion = 46;
	objects = {

/* Begin PBXBuildFile section */
		54E2DF531DF810A900762D26 /* main.m in Sources */ = {isa = PBXBuildFile; fileRef = 54E2DF521DF810A900762D26 /* main.m */; };
		54E2DF561DF810A900762D26 /* AppDelegate.m in Sources */ = {isa = PBXBuildFile; fileRef = 54E2DF551DF810A900762D26 /* AppDelegate.m */; };
		54E2DF591DF810A900762D26 /* ViewController.m in Sources */ = {isa = PBXBuildFile; fileRef = 54E2DF581DF810A900762D26 /* ViewController.m */; };
		54E2DF5C1DF810A900762D26 /* Main.storyboard in Resources */ = {isa = PBXBuildFile; fileRef = 54E2DF5A1DF810A900762D26 /* Main.storyboard */; };
		54E2DF5E1DF810A900762D26 /* Assets.xcassets in Resources */ = {isa = PBXBuildFile; fileRef = 54E2DF5D1DF810A900762D26 /* Assets.xcassets */; };
		54E2DF611DF810A900762D26 /* LaunchScreen.storyboard in Resources */ = {isa = PBXBuildFile; fileRef = 54E2DF5F1DF810A900762D26 /* LaunchScreen.storyboard */; };
		54E2DF6C1DF810A900762D26 /* iOSDemoTests.m in Sources */ = {isa = PBXBuildFile; fileRef = 54E2DF6B1DF810A900762D26 /* iOSDemoTests.m */; };
		54E2DF771DF810A900762D26 /* iOSDemoUITests.m in Sources */ = {isa = PBXBuildFile; fileRef = 54E2DF761DF810A900762D26 /* iOSDemoUITests.m */; };
/* End PBXBuildFile section */

/* Begin PBXContainerItemProxy section */
		54E2DF681DF810A900762D26 /* PBXContainerItemProxy */ = {
			isa = PBXContainerItemProxy;
			containerPortal = 54E2DF461DF810A800762D26 /* Project object */;
			proxyType = 1;
			remoteGlobalIDString = 54E2DF4D1DF810A800762D26;
			remoteInfo = iOSDemo;
		};
		54E2DF731DF810A900762D26 /* PBXContainerItemProxy */ = {
			isa = PBXContainerItemProxy;
			containerPortal = 54E2DF461DF810A800762D26 /* Project object */;
			proxyType = 1;
			remoteGlobalIDString = 54E2DF4D1DF810A800762D26;
			remoteInfo = iOSDemo;
		};
/* End PBXContainerItemProxy section */

/* Begin PBXFileReference section */
		54E2DF4E1DF810A900762D26 /* iOSDemo.app */ = {isa = PBXFileReference; explicitFileType = wrapper.application; includeInIndex = 0; path = iOSDemo.app; sourceTree = BUILT_PRODUCTS_DIR; };
		54E2DF521DF810A900762D26 /* main.m */ = {isa = PBXFileReference; lastKnownFileType = sourcecode.c.objc; path = main.m; sourceTree = "<group>"; };
		54E2DF541DF810A900762D26 /* AppDelegate.h */ = {isa = PBXFileReference; lastKnownFileType = sourcecode.c.h; path = AppDelegate.h; sourceTree = "<group>"; };
		54E2DF551DF810A900762D26 /* AppDelegate.m */ = {isa = PBXFileReference; lastKnownFileType = sourcecode.c.objc; path = AppDelegate.m; sourceTree = "<group>"; };
		54E2DF571DF810A900762D26 /* ViewController.h */ = {isa = PBXFileReference; lastKnownFileType = sourcecode.c.h; path = ViewController.h; sourceTree = "<group>"; };
		54E2DF581DF810A900762D26 /* ViewController.m */ = {isa = PBXFileReference; lastKnownFileType = sourcecode.c.objc; path = ViewController.m; sourceTree = "<group>"; };
		54E2DF5B1DF810A900762D26 /* Base */ = {isa = PBXFileReference; lastKnownFileType = file.storyboard; name = Base; path = Base.lproj/Main.storyboard; sourceTree = "<group>"; };
		54E2DF5D1DF810A900762D26 /* Assets.xcassets */ = {isa = PBXFileReference; lastKnownFileType = folder.assetcatalog; path = Assets.xcassets; sourceTree = "<group>"; };
		54E2DF601DF810A900762D26 /* Base */ = {isa = PBXFileReference; lastKnownFileType = file.storyboard; name = Base; path = Base.lproj/LaunchScreen.storyboard; sourceTree = "<group>"; };
		54E2DF621DF810A900762D26 /* Info.plist */ = {isa = PBXFileReference; lastKnownFileType = text.plist.xml; path = Info.plist; sourceTree = "<group>"; };
		54E2DF671DF810A900762D26 /* iOSDemoTests.xctest */ = {isa = PBXFileReference; explicitFileType = wrapper.cfbundle; includeInIndex = 0; path = iOSDemoTests.xctest; sourceTree = BUILT_PRODUCTS_DIR; };
		54E2DF6B1DF810A900762D26 /* iOSDemoTests.m */ = {isa = PBXFileReference; lastKnownFileType = sourcecode.c.objc; path = iOSDemoTests.m; sourceTree = "<group>"; };
		54E2DF6D1DF810A900762D26 /* Info.plist */ = {isa = PBXFileReference; lastKnownFileType = text.plist.xml; path = Info.plist; sourceTree = "<group>"; };
		54E2DF721DF810A900762D26 /* iOSDemoUITests.xctest */ = {isa = PBXFileReference; explicitFileType = wrapper.cfbundle; includeInIndex = 0; path = iOSDemoUITests.xctest; sourceTree = BUILT_PRODUCTS_DIR; };
		54E2DF761DF810A900762D26 /* iOSDemoUITests.m */ = {isa = PBXFileReference; lastKnownFileType = sourcecode.c.objc; path = iOSDemoUITests.m; sourceTree = "<group>"; };
		54E2DF781DF810A900762D26 /* Info.plist */ = {isa = PBXFileReference; lastKnownFileType = text.plist.xml; path = Info.plist; sourceTree = "<group>"; };
/* End PBXFileReference section */

/* Begin PBXFrameworksBuildPhase section */
		54E2DF4B1DF810A800762D26 /* Frameworks */ = {
			isa = PBXFrameworksBuildPhase;
			buildActionMask = 2147483647;
			files = (
			);
			runOnlyForDeploymentPostprocessing = 0;
		};
		54E2DF641DF810A900762D26 /* Frameworks */ = {
			isa = PBXFrameworksBuildPhase;
			buildActionMask = 2147483647;
			files = (
			);
			runOnlyForDeploymentPostprocessing = 0;
		};
		54E2DF6F1DF810A900762D26 /* Frameworks */ = {
			isa = PBXFrameworksBuildPhase;
			buildActionMask = 2147483647;
			files = (
			);
			runOnlyForDeploymentPostprocessing = 0;
		};
/* End PBXFrameworksBuildPhase section */

/* Begin PBXGroup section */
		54E2DF451DF810A800762D26 = {
			isa = PBXGroup;
			children = (
				54E2DF501DF810A900762D26 /* iOSDemo */,
				54E2DF6A1DF810A900762D26 /* iOSDemoTests */,
				54E2DF751DF810A900762D26 /* iOSDemoUITests */,
				54E2DF4F1DF810A900762D26 /* Products */,
			);
			sourceTree = "<group>";
		};
		54E2DF4F1DF810A900762D26 /* Products */ = {
			isa = PBXGroup;
			children = (
				54E2DF4E1DF810A900762D26 /* iOSDemo.app */,
				54E2DF671DF810A900762D26 /* iOSDemoTests.xctest */,
				54E2DF721DF810A900762D26 /* iOSDemoUITests.xctest */,
			);
			name = Products;
			sourceTree = "<group>";
		};
		54E2DF501DF810A900762D26 /* iOSDemo */ = {
			isa = PBXGroup;
			children = (
				54E2DF541DF810A900762D26 /* AppDelegate.h */,
				54E2DF551DF810A900762D26 /* AppDelegate.m */,
				54E2DF571DF810A900762D26 /* ViewController.h */,
				54E2DF581DF810A900762D26 /* ViewController.m */,
				54E2DF5A1DF810A900762D26 /* Main.storyboard */,
				54E2DF5D1DF810A900762D26 /* Assets.xcassets */,
				54E2DF5F1DF810A900762D26 /* LaunchScreen.storyboard */,
				54E2DF621DF810A900762D26 /* Info.plist */,
				54E2DF511DF810A900762D26 /* Supporting Files */,
			);
			path = iOSDemo;
			sourceTree = "<group>";
		};
		54E2DF511DF810A900762D26 /* Supporting Files */ = {
			isa = PBXGroup;
			children = (
				54E2DF521DF810A900762D26 /* main.m */,
			);
			name = "Supporting Files";
			sourceTree = "<group>";
		};
		54E2DF6A1DF810A900762D26 /* iOSDemoTests */ = {
			isa = PBXGroup;
			children = (
				54E2DF6B1DF810A900762D26 /* iOSDemoTests.m */,
				54E2DF6D1DF810A900762D26 /* Info.plist */,
			);
			path = iOSDemoTests;
			sourceTree = "<group>";
		};
		54E2DF751DF810A900762D26 /* iOSDemoUITests */ = {
			isa = PBXGroup;
			children = (
				54E2DF761DF810A900762D26 /* iOSDemoUITests.m */,
				54E2DF781DF810A900762D26 /* Info.plist */,
			);
			path = iOSDemoUITests;
			sourceTree = "<group>";
		};
/* End PBXGroup section */

/* Begin PBXNativeTarget section */
		54E2DF4D1DF810A800762D26 /* iOSDemo */ = {
			isa = PBXNativeTarget;
			buildConfigurationList = 54E2DF7B1DF810A900762D26 /* Build configuration list for PBXNativeTarget "iOSDemo" */;
			buildPhases = (
				54E2DF4A1DF810A800762D26 /* Sources */,
				54E2DF4B1DF810A800762D26 /* Frameworks */,
				54E2DF4C1DF810A800762D26 /* Resources */,
			);
			buildRules = (
			);
			dependencies = (
			);
			name = iOSDemo;
			productName = iOSDemo;
			productReference = 54E2DF4E1DF810A900762D26 /* iOSDemo.app */;
			productType = "com.apple.product-type.application";
		};
		54E2DF661DF810A900762D26 /* iOSDemoTests */ = {
			isa = PBXNativeTarget;
			buildConfigurationList = 54E2DF7E1DF810A900762D26 /* Build configuration list for PBXNativeTarget "iOSDemoTests" */;
			buildPhases = (
				54E2DF631DF810A900762D26 /* Sources */,
				54E2DF641DF810A900762D26 /* Frameworks */,
				54E2DF651DF810A900762D26 /* Resources */,
			);
			buildRules = (
			);
			dependencies = (
				54E2DF691DF810A900762D26 /* PBXTargetDependency */,
			);
			name = iOSDemoTests;
			productName = iOSDemoTests;
			productReference = 54E2DF671DF810A900762D26 /* iOSDemoTests.xctest */;
			productType = "com.apple.product-type.bundle.unit-test";
		};
		54E2DF711DF810A900762D26 /* iOSDemoUITests */ = {
			isa = PBXNativeTarget;
			buildConfigurationList = 54E2DF811DF810A900762D26 /* Build configuration list for PBXNativeTarget "iOSDemoUITests" */;
			buildPhases = (
				54E2DF6E1DF810A900762D26 /* Sources */,
				54E2DF6F1DF810A900762D26 /* Frameworks */,
				54E2DF701DF810A900762D26 /* Resources */,
			);
			buildRules = (
			);
			dependencies = (
				54E2DF741DF810A900762D26 /* PBXTargetDependency */,
			);
			name = iOSDemoUITests;
			productName = iOSDemoUITests;
			productReference = 54E2DF721DF810A900762D26 /* iOSDemoUITests.xctest */;
			productType = "com.apple.product-type.bundle.ui-testing";
		};
/* End PBXNativeTarget section */

/* Begin PBXProject section */
		54E2DF461DF810A800762D26 /* Project object */ = {
			isa = PBXProject;
			attributes = {
				LastUpgradeCheck = 0810;
				ORGANIZATIONNAME = szzc;
				TargetAttributes = {
					54E2DF4D1DF810A800762D26 = {
						CreatedOnToolsVersion = 8.1;
						ProvisioningStyle = Automatic;
					};
					54E2DF661DF810A900762D26 = {
						CreatedOnToolsVersion = 8.1;
						ProvisioningStyle = Automatic;
						TestTargetID = 54E2DF4D1DF810A800762D26;
					};
					54E2DF711DF810A900762D26 = {
						CreatedOnToolsVersion = 8.1;
						ProvisioningStyle = Automatic;
						TestTargetID = 54E2DF4D1DF810A800762D26;
					};
				};
			};
			buildConfigurationList = 54E2DF491DF810A800762D26 /* Build configuration list for PBXProject "iOSDemo" */;
			compatibilityVersion = "Xcode 3.2";
			developmentRegion = English;
			hasScannedForEncodings = 0;
			knownRegions = (
				en,
				Base,
			);
			mainGroup = 54E2DF451DF810A800762D26;
			productRefGroup = 54E2DF4F1DF810A900762D26 /* Products */;
			projectDirPath = "";
			projectRoot = "";
			targets = (
				54E2DF4D1DF810A800762D26 /* iOSDemo */,
				54E2DF661DF810A900762D26 /* iOSDemoTests */,
				54E2DF711DF810A900762D26 /* iOSDemoUITests */,
			);
		};
/* End PBXProject section */

/* Begin PBXResourcesBuildPhase section */
		54E2DF4C1DF810A800762D26 /* Resources */ = {
			isa = PBXResourcesBuildPhase;
			buildActionMask = 2147483647;
			files = (
				54E2DF611DF810A900762D26 /* LaunchScreen.storyboard in Resources */,
				54E2DF5E1DF810A900762D26 /* Assets.xcassets in Resources */,
				54E2DF5C1DF810A900762D26 /* Main.storyboard in Resources */,
			);
			runOnlyForDeploymentPostprocessing = 0;
		};
		54E2DF651DF810A900762D26 /* Resources */ = {
			isa = PBXResourcesBuildPhase;
			buildActionMask = 2147483647;
			files = (
			);
			runOnlyForDeploymentPostprocessing = 0;
		};
		54E2DF701DF810A900762D26 /* Resources */ = {
			isa = PBXResourcesBuildPhase;
			buildActionMask = 2147483647;
			files = (
			);
			runOnlyForDeploymentPostprocessing = 0;
		};
/* End PBXResourcesBuildPhase section */

/* Begin PBXSourcesBuildPhase section */
		54E2DF4A1DF810A800762D26 /* Sources */ = {
			isa = PBXSourcesBuildPhase;
			buildActionMask = 2147483647;
			files = (
				54E2DF591DF810A900762D26 /* ViewController.m in Sources */,
				54E2DF561DF810A900762D26 /* AppDelegate.m in Sources */,
				54E2DF531DF810A900762D26 /* main.m in Sources */,
			);
			runOnlyForDeploymentPostprocessing = 0;
		};
		54E2DF631DF810A900762D26 /* Sources */ = {
			isa = PBXSourcesBuildPhase;
			buildActionMask = 2147483647;
			files = (
				54E2DF6C1DF810A900762D26 /* iOSDemoTests.m in Sources */,
			);
			runOnlyForDeploymentPostprocessing = 0;
		};
		54E2DF6E1DF810A900762D26 /* Sources */ = {
			isa = PBXSourcesBuildPhase;
			buildActionMask = 2147483647;
			files = (
				54E2DF771DF810A900762D26 /* iOSDemoUITests.m in Sources */,
			);
			runOnlyForDeploymentPostprocessing = 0;
		};
/* End PBXSourcesBuildPhase section */

/* Begin PBXTargetDependency section */
		54E2DF691DF810A900762D26 /* PBXTargetDependency */ = {
			isa = PBXTargetDependency;
			target = 54E2DF4D1DF810A800762D26 /* iOSDemo */;
			targetProxy = 54E2DF681DF810A900762D26 /* PBXContainerItemProxy */;
		};
		54E2DF741DF810A900762D26 /* PBXTargetDependency */ = {
			isa = PBXTargetDependency;
			target = 54E2DF4D1DF810A800762D26 /* iOSDemo */;
			targetProxy = 54E2DF731DF810A900762D26 /* PBXContainerItemProxy */;
		};
/* End PBXTargetDependency section */

/* Begin PBXVariantGroup section */
		54E2DF5A1DF810A900762D26 /* Main.storyboard */ = {
			isa = PBXVariantGroup;
			children = (
				54E2DF5B1DF810A900762D26 /* Base */,
			);
			name = Main.storyboard;
			sourceTree = "<group>";
		};
		54E2DF5F1DF810A900762D26 /* LaunchScreen.storyboard */ = {
			isa = PBXVariantGroup;
			children = (
				54E2DF601DF810A900762D26 /* Base */,
			);
			name = LaunchScreen.storyboard;
			sourceTree = "<group>";
		};
/* End PBXVariantGroup section */

/* Begin XCBuildConfiguration section */
		54E2DF791DF810A900762D26 /* Debug */ = {
			isa = XCBuildConfiguration;
			buildSettings = {
				ALWAYS_SEARCH_USER_PATHS = NO;
				CLANG_ANALYZER_NONNULL = YES;
				CLANG_CXX_LANGUAGE_STANDARD = "gnu++0x";
				CLANG_CXX_LIBRARY = "libc++";
				CLANG_ENABLE_MODULES = YES;
				CLANG_ENABLE_OBJC_ARC = YES;
				CLANG_WARN_BOOL_CONVERSION = YES;
				CLANG_WARN_CONSTANT_CONVERSION = YES;
				CLANG_WARN_DIRECT_OBJC_ISA_USAGE = YES_ERROR;
				CLANG_WARN_DOCUMENTATION_COMMENTS = YES;
				CLANG_WARN_EMPTY_BODY = YES;
				CLANG_WARN_ENUM_CONVERSION = YES;
				CLANG_WARN_INFINITE_RECURSION = YES;
				CLANG_WARN_INT_CONVERSION = YES;
				CLANG_WARN_OBJC_ROOT_CLASS = YES_ERROR;
				CLANG_WARN_SUSPICIOUS_MOVES = YES;
				CLANG_WARN_UNREACHABLE_CODE = YES;
				CLANG_WARN__DUPLICATE_METHOD_MATCH = YES;
				"CODE_SIGN_IDENTITY[sdk=iphoneos*]" = "iPhone Developer";
				COPY_PHASE_STRIP = NO;
				DEBUG_INFORMATION_FORMAT = dwarf;
				ENABLE_STRICT_OBJC_MSGSEND = YES;
				ENABLE_TESTABILITY = YES;
				GCC_C_LANGUAGE_STANDARD = gnu99;
				GCC_DYNAMIC_NO_PIC = NO;
				GCC_NO_COMMON_BLOCKS = YES;
				GCC_OPTIMIZATION_LEVEL = 0;
				GCC_PREPROCESSOR_DEFINITIONS = (
					"DEBUG=1",
					"$(inherited)",
				);
				GCC_WARN_64_TO_32_BIT_CONVERSION = YES;
				GCC_WARN_ABOUT_RETURN_TYPE = YES_ERROR;
				GCC_WARN_UNDECLARED_SELECTOR = YES;
				GCC_WARN_UNINITIALIZED_AUTOS = YES_AGGRESSIVE;
				GCC_WARN_UNUSED_FUNCTION = YES;
				GCC_WARN_UNUSED_VARIABLE = YES;
				IPHONEOS_DEPLOYMENT_TARGET = 10.1;
				MTL_ENABLE_DEBUG_INFO = YES;
				ONLY_ACTIVE_ARCH = YES;
				SDKROOT = iphoneos;
				TARGETED_DEVICE_FAMILY = "1,2";
			};
			name = Debug;
		};
		54E2DF7A1DF810A900762D26 /* Release */ = {
			isa = XCBuildConfiguration;
			buildSettings = {
				ALWAYS_SEARCH_USER_PATHS = NO;
				CLANG_ANALYZER_NONNULL = YES;
				CLANG_CXX_LANGUAGE_STANDARD = "gnu++0x";
				CLANG_CXX_LIBRARY = "libc++";
				CLANG_ENABLE_MODULES = YES;
				CLANG_ENABLE_OBJC_ARC = YES;
				CLANG_WARN_BOOL_CONVERSION = YES;
				CLANG_WARN_CONSTANT_CONVERSION = YES;
				CLANG_WARN_DIRECT_OBJC_ISA_USAGE = YES_ERROR;
				CLANG_WARN_DOCUMENTATION_COMMENTS = YES;
				CLANG_WARN_EMPTY_BODY = YES;
				CLANG_WARN_ENUM_CONVERSION = YES;
				CLANG_WARN_INFINITE_RECURSION = YES;
				CLANG_WARN_INT_CONVERSION = YES;
				CLANG_WARN_OBJC_ROOT_CLASS = YES_ERROR;
				CLANG_WARN_SUSPICIOUS_MOVES = YES;
				CLANG_WARN_UNREACHABLE_CODE = YES;
				CLANG_WARN__DUPLICATE_METHOD_MATCH = YES;
				"CODE_SIGN_IDENTITY[sdk=iphoneos*]" = "iPhone Developer";
				COPY_PHASE_STRIP = NO;
				DEBUG_INFORMATION_FORMAT = "dwarf-with-dsym";
				ENABLE_NS_ASSERTIONS = NO;
				ENABLE_STRICT_OBJC_MSGSEND = YES;
				GCC_C_LANGUAGE_STANDARD = gnu99;
				GCC_NO_COMMON_BLOCKS = YES;
				GCC_WARN_64_TO_32_BIT_CONVERSION = YES;
				GCC_WARN_ABOUT_RETURN_TYPE = YES_ERROR;
				GCC_WARN_UNDECLARED_SELECTOR = YES;
				GCC_WARN_UNINITIALIZED_AUTOS = YES_AGGRESSIVE;
				GCC_WARN_UNUSED_FUNCTION = YES;
				GCC_WARN_UNUSED_VARIABLE = YES;
				IPHONEOS_DEPLOYMENT_TARGET = 10.1;
				MTL_ENABLE_DEBUG_INFO = NO;
				SDKROOT = iphoneos;
				TARGETED_DEVICE_FAMILY = "1,2";
				VALIDATE_PRODUCT = YES;
			};
			name = Release;
		};
		54E2DF7C1DF810A900762D26 /* Debug */ = {
			isa = XCBuildConfiguration;
			buildSettings = {
				ASSETCATALOG_COMPILER_APPICON_NAME = AppIcon;
				INFOPLIST_FILE = iOSDemo/Info.plist;
				LD_RUNPATH_SEARCH_PATHS = "$(inherited) @executable_path/Frameworks";
				PRODUCT_BUNDLE_IDENTIFIER = "-11.iOSDemo";
				PRODUCT_NAME = "$(TARGET_NAME)";
			};
			name = Debug;
		};
		54E2DF7D1DF810A900762D26 /* Release */ = {
			isa = XCBuildConfiguration;
			buildSettings = {
				ASSETCATALOG_COMPILER_APPICON_NAME = AppIcon;
				INFOPLIST_FILE = iOSDemo/Info.plist;
				LD_RUNPATH_SEARCH_PATHS = "$(inherited) @executable_path/Frameworks";
				PRODUCT_BUNDLE_IDENTIFIER = "-11.iOSDemo";
				PRODUCT_NAME = "$(TARGET_NAME)";
			};
			name = Release;
		};
		54E2DF7F1DF810A900762D26 /* Debug */ = {
			isa = XCBuildConfiguration;
			buildSettings = {
				BUNDLE_LOADER = "$(TEST_HOST)";
				INFOPLIST_FILE = iOSDemoTests/Info.plist;
				LD_RUNPATH_SEARCH_PATHS = "$(inherited) @executable_path/Frameworks @loader_path/Frameworks";
				PRODUCT_BUNDLE_IDENTIFIER = "-11.iOSDemoTests";
				PRODUCT_NAME = "$(TARGET_NAME)";
				TEST_HOST = "$(BUILT_PRODUCTS_DIR)/iOSDemo.app/iOSDemo";
			};
			name = Debug;
		};
		54E2DF801DF810A900762D26 /* Release */ = {
			isa = XCBuildConfiguration;
			buildSettings = {
				BUNDLE_LOADER = "$(TEST_HOST)";
				INFOPLIST_FILE = iOSDemoTests/Info.plist;
				LD_RUNPATH_SEARCH_PATHS = "$(inherited) @executable_path/Frameworks @loader_path/Frameworks";
				PRODUCT_BUNDLE_IDENTIFIER = "-11.iOSDemoTests";
				PRODUCT_NAME = "$(TARGET_NAME)";
				TEST_HOST = "$(BUILT_PRODUCTS_DIR)/iOSDemo.app/iOSDemo";
			};
			name = Release;
		};
		54E2DF821DF810A900762D26 /* Debug */ = {
			isa = XCBuildConfiguration;
			buildSettings = {
				INFOPLIST_FILE = iOSDemoUITests/Info.plist;
				LD_RUNPATH_SEARCH_PATHS = "$(inherited) @executable_path/Frameworks @loader_path/Frameworks";
				PRODUCT_BUNDLE_IDENTIFIER = "-11.iOSDemoUITests";
				PRODUCT_NAME = "$(TARGET_NAME)";
				TEST_TARGET_NAME = iOSDemo;
			};
			name = Debug;
		};
		54E2DF831DF810A900762D26 /* Release */ = {
			isa = XCBuildConfiguration;
			buildSettings = {
				INFOPLIST_FILE = iOSDemoUITests/Info.plist;
				LD_RUNPATH_SEARCH_PATHS = "$(inherited) @executable_path/Frameworks @loader_path/Frameworks";
				PRODUCT_BUNDLE_IDENTIFIER = "-11.iOSDemoUITests";
				PRODUCT_NAME = "$(TARGET_NAME)";
				TEST_TARGET_NAME = iOSDemo;
			};
			name = Release;
		};
/* End XCBuildConfiguration section */

/* Begin XCConfigurationList section */
		54E2DF491DF810A800762D26 /* Build configuration list for PBXProject "iOSDemo" */ = {
			isa = XCConfigurationList;
			buildConfigurations = (
				54E2DF791DF810A900762D26 /* Debug */,
				54E2DF7A1DF810A900762D26 /* Release */,
			);
			defaultConfigurationIsVisible = 0;
			defaultConfigurationName = Release;
		};
		54E2DF7B1DF810A900762D26 /* Build configuration list for PBXNativeTarget "iOSDemo" */ = {
			isa = XCConfigurationList;
			buildConfigurations = (
				54E2DF7C1DF810A900762D26 /* Debug */,
				54E2DF7D1DF810A900762D26 /* Release */,
			);
			defaultConfigurationIsVisible = 0;
		};
		54E2DF7E1DF810A900762D26 /* Build configuration list for PBXNativeTarget "iOSDemoTests" */ = {
			isa = XCConfigurationList;
			buildConfigurations = (
				54E2DF7F1DF810A900762D26 /* Debug */,
				54E2DF801DF810A900762D26 /* Release */,
			);
			defaultConfigurationIsVisible = 0;
		};
		54E2DF811DF810A900762D26 /* Build configuration list for PBXNativeTarget "iOSDemoUITests" */ = {
			isa = XCConfigurationList;
			buildConfigurations = (
				54E2DF821DF810A900762D26 /* Debug */,
				54E2DF831DF810A900762D26 /* Release */,
			);
			defaultConfigurationIsVisible = 0;
		};
/* End XCConfigurationList section */
	};
	rootObject = 54E2DF461DF810A800762D26 /* Project object */;
}
